// !$*UTF8*$!
{
	archiveVersion = 1;
	classes = {
	};
	objectVersion = 56;
	objects = {

/* Begin PBXBuildFile section */
		1804453C29D5907A00330398 /* AppDelegate.swift in Sources */ = {isa = PBXBuildFile; fileRef = 1804453B29D5907A00330398 /* AppDelegate.swift */; };
		1804453E29D5907A00330398 /* SceneDelegate.swift in Sources */ = {isa = PBXBuildFile; fileRef = 1804453D29D5907A00330398 /* SceneDelegate.swift */; };
		1804454029D5907A00330398 /* HomeViewController.swift in Sources */ = {isa = PBXBuildFile; fileRef = 1804453F29D5907A00330398 /* HomeViewController.swift */; };
		1804454629D5907A00330398 /* WebBrowser.xcdatamodeld in Sources */ = {isa = PBXBuildFile; fileRef = 1804454429D5907A00330398 /* WebBrowser.xcdatamodeld */; };
		1804454829D5907B00330398 /* Assets.xcassets in Resources */ = {isa = PBXBuildFile; fileRef = 1804454729D5907B00330398 /* Assets.xcassets */; };
		1804454B29D5907B00330398 /* LaunchScreen.storyboard in Resources */ = {isa = PBXBuildFile; fileRef = 1804454929D5907B00330398 /* LaunchScreen.storyboard */; };
		1804455329D590DA00330398 /* WebsiteTableViewCell.swift in Sources */ = {isa = PBXBuildFile; fileRef = 1804455229D590DA00330398 /* WebsiteTableViewCell.swift */; };
		1804455529D590F300330398 /* WebViewController.swift in Sources */ = {isa = PBXBuildFile; fileRef = 1804455429D590F300330398 /* WebViewController.swift */; };
		1804455829D5911300330398 /* SnapKit in Frameworks */ = {isa = PBXBuildFile; productRef = 1804455729D5911300330398 /* SnapKit */; };
/* End PBXBuildFile section */

/* Begin PBXFileReference section */
		1804453829D5907A00330398 /* ipadWebBrowser.app */ = {isa = PBXFileReference; explicitFileType = wrapper.application; includeInIndex = 0; path = ipadWebBrowser.app; sourceTree = BUILT_PRODUCTS_DIR; };
		1804453B29D5907A00330398 /* AppDelegate.swift */ = {isa = PBXFileReference; lastKnownFileType = sourcecode.swift; path = AppDelegate.swift; sourceTree = "<group>"; };
		1804453D29D5907A00330398 /* SceneDelegate.swift */ = {isa = PBXFileReference; lastKnownFileType = sourcecode.swift; path = SceneDelegate.swift; sourceTree = "<group>"; };
		1804453F29D5907A00330398 /* HomeViewController.swift */ = {isa = PBXFileReference; lastKnownFileType = sourcecode.swift; path = HomeViewController.swift; sourceTree = "<group>"; };
		1804454529D5907A00330398 /* ipadWebBrowser.xcdatamodel */ = {isa = PBXFileReference; lastKnownFileType = wrapper.xcdatamodel; path = ipadWebBrowser.xcdatamodel; sourceTree = "<group>"; };
		1804454729D5907B00330398 /* Assets.xcassets */ = {isa = PBXFileReference; lastKnownFileType = folder.assetcatalog; path = Assets.xcassets; sourceTree = "<group>"; };
		1804454A29D5907B00330398 /* Base */ = {isa = PBXFileReference; lastKnownFileType = file.storyboard; name = Base; path = Base.lproj/LaunchScreen.storyboard; sourceTree = "<group>"; };
		1804454C29D5907B00330398 /* Info.plist */ = {isa = PBXFileReference; lastKnownFileType = text.plist.xml; path = Info.plist; sourceTree = "<group>"; };
		1804455229D590DA00330398 /* WebsiteTableViewCell.swift */ = {isa = PBXFileReference; lastKnownFileType = sourcecode.swift; path = WebsiteTableViewCell.swift; sourceTree = "<group>"; };
		1804455429D590F300330398 /* WebViewController.swift */ = {isa = PBXFileReference; lastKnownFileType = sourcecode.swift; path = WebViewController.swift; sourceTree = "<group>"; };
/* End PBXFileReference section */

/* Begin PBXFrameworksBuildPhase section */
		1804453529D5907A00330398 /* Frameworks */ = {
			isa = PBXFrameworksBuildPhase;
			buildActionMask = 2147483647;
			files = (
				1804455829D5911300330398 /* SnapKit in Frameworks */,
			);
			runOnlyForDeploymentPostprocessing = 0;
		};
/* End PBXFrameworksBuildPhase section */

/* Begin PBXGroup section */
		1804452F29D5907A00330398 = {
			isa = PBXGroup;
			children = (
				1804453A29D5907A00330398 /* ipadWebBrowser */,
				1804453929D5907A00330398 /* Products */,
			);
			sourceTree = "<group>";
		};
		1804453929D5907A00330398 /* Products */ = {
			isa = PBXGroup;
			children = (
				1804453829D5907A00330398 /* ipadWebBrowser.app */,
			);
			name = Products;
			sourceTree = "<group>";
		};
		1804453A29D5907A00330398 /* ipadWebBrowser */ = {
			isa = PBXGroup;
			children = (
				1804455929D5AAE900330398 /* Delegates */,
				1804453F29D5907A00330398 /* HomeViewController.swift */,
				1804455429D590F300330398 /* WebViewController.swift */,
				1804455229D590DA00330398 /* WebsiteTableViewCell.swift */,
				1804454729D5907B00330398 /* Assets.xcassets */,
				1804454929D5907B00330398 /* LaunchScreen.storyboard */,
				1804454C29D5907B00330398 /* Info.plist */,
				1804454429D5907A00330398 /* WebBrowser.xcdatamodeld */,
			);
			path = ipadWebBrowser;
			sourceTree = "<group>";
		};
		1804455929D5AAE900330398 /* Delegates */ = {
			isa = PBXGroup;
			children = (
				1804453D29D5907A00330398 /* SceneDelegate.swift */,
				1804453B29D5907A00330398 /* AppDelegate.swift */,
			);
			path = Delegates;
			sourceTree = "<group>";
		};
/* End PBXGroup section */

/* Begin PBXNativeTarget section */
		1804453729D5907A00330398 /* ipadWebBrowser */ = {
			isa = PBXNativeTarget;
			buildConfigurationList = 1804454F29D5907B00330398 /* Build configuration list for PBXNativeTarget "ipadWebBrowser" */;
			buildPhases = (
				1804453429D5907A00330398 /* Sources */,
				1804453529D5907A00330398 /* Frameworks */,
				1804453629D5907A00330398 /* Resources */,
			);
			buildRules = (
			);
			dependencies = (
			);
			name = ipadWebBrowser;
			packageProductDependencies = (
				1804455729D5911300330398 /* SnapKit */,
			);
			productName = ipadWebBrowser;
			productReference = 1804453829D5907A00330398 /* ipadWebBrowser.app */;
			productType = "com.apple.product-type.application";
		};
/* End PBXNativeTarget section */

/* Begin PBXProject section */
		1804453029D5907A00330398 /* Project object */ = {
			isa = PBXProject;
			attributes = {
				BuildIndependentTargetsInParallel = 1;
				LastSwiftUpdateCheck = 1420;
				LastUpgradeCheck = 1420;
				TargetAttributes = {
					1804453729D5907A00330398 = {
						CreatedOnToolsVersion = 14.2;
					};
				};
			};
			buildConfigurationList = 1804453329D5907A00330398 /* Build configuration list for PBXProject "ipadWebBrowser" */;
			compatibilityVersion = "Xcode 14.0";
			developmentRegion = en;
			hasScannedForEncodings = 0;
			knownRegions = (
				en,
				Base,
			);
			mainGroup = 1804452F29D5907A00330398;
			packageReferences = (
				1804455629D5911300330398 /* XCRemoteSwiftPackageReference "SnapKit" */,
			);
			productRefGroup = 1804453929D5907A00330398 /* Products */;
			projectDirPath = "";
			projectRoot = "";
			targets = (
				1804453729D5907A00330398 /* ipadWebBrowser */,
			);
		};
/* End PBXProject section */

/* Begin PBXResourcesBuildPhase section */
		1804453629D5907A00330398 /* Resources */ = {
			isa = PBXResourcesBuildPhase;
			buildActionMask = 2147483647;
			files = (
				1804454B29D5907B00330398 /* LaunchScreen.storyboard in Resources */,
				1804454829D5907B00330398 /* Assets.xcassets in Resources */,
			);
			runOnlyForDeploymentPostprocessing = 0;
		};
/* End PBXResourcesBuildPhase section */

/* Begin PBXSourcesBuildPhase section */
		1804453429D5907A00330398 /* Sources */ = {
			isa = PBXSourcesBuildPhase;
			buildActionMask = 2147483647;
			files = (
				1804455329D590DA00330398 /* WebsiteTableViewCell.swift in Sources */,
				1804454029D5907A00330398 /* HomeViewController.swift in Sources */,
				1804453C29D5907A00330398 /* AppDelegate.swift in Sources */,
				1804455529D590F300330398 /* WebViewController.swift in Sources */,
				1804453E29D5907A00330398 /* SceneDelegate.swift in Sources */,
				1804454629D5907A00330398 /* WebBrowser.xcdatamodeld in Sources */,
			);
			runOnlyForDeploymentPostprocessing = 0;
		};
/* End PBXSourcesBuildPhase section */

/* Begin PBXVariantGroup section */
		1804454929D5907B00330398 /* LaunchScreen.storyboard */ = {
			isa = PBXVariantGroup;
			children = (
				1804454A29D5907B00330398 /* Base */,
			);
			name = LaunchScreen.storyboard;
			sourceTree = "<group>";
		};
/* End PBXVariantGroup section */

/* Begin XCBuildConfiguration section */
		1804454D29D5907B00330398 /* Debug */ = {
			isa = XCBuildConfiguration;
			buildSettings = {
				ALWAYS_SEARCH_USER_PATHS = NO;
				CLANG_ANALYZER_NONNULL = YES;
				CLANG_ANALYZER_NUMBER_OBJECT_CONVERSION = YES_AGGRESSIVE;
				CLANG_CXX_LANGUAGE_STANDARD = "gnu++20";
				CLANG_ENABLE_MODULES = YES;
				CLANG_ENABLE_OBJC_ARC = YES;
				CLANG_ENABLE_OBJC_WEAK = YES;
				CLANG_WARN_BLOCK_CAPTURE_AUTORELEASING = YES;
				CLANG_WARN_BOOL_CONVERSION = YES;
				CLANG_WARN_COMMA = YES;
				CLANG_WARN_CONSTANT_CONVERSION = YES;
				CLANG_WARN_DEPRECATED_OBJC_IMPLEMENTATIONS = YES;
				CLANG_WARN_DIRECT_OBJC_ISA_USAGE = YES_ERROR;
				CLANG_WARN_DOCUMENTATION_COMMENTS = YES;
				CLANG_WARN_EMPTY_BODY = YES;
				CLANG_WARN_ENUM_CONVERSION = YES;
				CLANG_WARN_INFINITE_RECURSION = YES;
				CLANG_WARN_INT_CONVERSION = YES;
				CLANG_WARN_NON_LITERAL_NULL_CONVERSION = YES;
				CLANG_WARN_OBJC_IMPLICIT_RETAIN_SELF = YES;
				CLANG_WARN_OBJC_LITERAL_CONVERSION = YES;
				CLANG_WARN_OBJC_ROOT_CLASS = YES_ERROR;
				CLANG_WARN_QUOTED_INCLUDE_IN_FRAMEWORK_HEADER = YES;
				CLANG_WARN_RANGE_LOOP_ANALYSIS = YES;
				CLANG_WARN_STRICT_PROTOTYPES = YES;
				CLANG_WARN_SUSPICIOUS_MOVE = YES;
				CLANG_WARN_UNGUARDED_AVAILABILITY = YES_AGGRESSIVE;
				CLANG_WARN_UNREACHABLE_CODE = YES;
				CLANG_WARN__DUPLICATE_METHOD_MATCH = YES;
				COPY_PHASE_STRIP = NO;
				DEBUG_INFORMATION_FORMAT = dwarf;
				ENABLE_STRICT_OBJC_MSGSEND = YES;
				ENABLE_TESTABILITY = YES;
				GCC_C_LANGUAGE_STANDARD = gnu11;
				GCC_DYNAMIC_NO_PIC = NO;
				GCC_NO_COMMON_BLOCKS = YES;
				GCC_OPTIMIZATION_LEVEL = 0;
				GCC_PREPROCESSOR_DEFINITIONS = (
					"DEBUG=1",
					"$(inherited)",
				);
				GCC_WARN_64_TO_32_BIT_CONVERSION = YES;
				GCC_WARN_ABOUT_RETURN_TYPE = YES_ERROR;
				GCC_WARN_UNDECLARED_SELECTOR = YES;
				GCC_WARN_UNINITIALIZED_AUTOS = YES_AGGRESSIVE;
				GCC_WARN_UNUSED_FUNCTION = YES;
				GCC_WARN_UNUSED_VARIABLE = YES;
				IPHONEOS_DEPLOYMENT_TARGET = 16.2;
				MTL_ENABLE_DEBUG_INFO = INCLUDE_SOURCE;
				MTL_FAST_MATH = YES;
				ONLY_ACTIVE_ARCH = YES;
				SDKROOT = iphoneos;
				SWIFT_ACTIVE_COMPILATION_CONDITIONS = DEBUG;
				SWIFT_OPTIMIZATION_LEVEL = "-Onone";
			};
			name = Debug;
		};
		1804454E29D5907B00330398 /* Release */ = {
			isa = XCBuildConfiguration;
			buildSettings = {
				ALWAYS_SEARCH_USER_PATHS = NO;
				CLANG_ANALYZER_NONNULL = YES;
				CLANG_ANALYZER_NUMBER_OBJECT_CONVERSION = YES_AGGRESSIVE;
				CLANG_CXX_LANGUAGE_STANDARD = "gnu++20";
				CLANG_ENABLE_MODULES = YES;
				CLANG_ENABLE_OBJC_ARC = YES;
				CLANG_ENABLE_OBJC_WEAK = YES;
				CLANG_WARN_BLOCK_CAPTURE_AUTORELEASING = YES;
				CLANG_WARN_BOOL_CONVERSION = YES;
				CLANG_WARN_COMMA = YES;
				CLANG_WARN_CONSTANT_CONVERSION = YES;
				CLANG_WARN_DEPRECATED_OBJC_IMPLEMENTATIONS = YES;
				CLANG_WARN_DIRECT_OBJC_ISA_USAGE = YES_ERROR;
				CLANG_WARN_DOCUMENTATION_COMMENTS = YES;
				CLANG_WARN_EMPTY_BODY = YES;
				CLANG_WARN_ENUM_CONVERSION = YES;
				CLANG_WARN_INFINITE_RECURSION = YES;
				CLANG_WARN_INT_CONVERSION = YES;
				CLANG_WARN_NON_LITERAL_NULL_CONVERSION = YES;
				CLANG_WARN_OBJC_IMPLICIT_RETAIN_SELF = YES;
				CLANG_WARN_OBJC_LITERAL_CONVERSION = YES;
				CLANG_WARN_OBJC_ROOT_CLASS = YES_ERROR;
				CLANG_WARN_QUOTED_INCLUDE_IN_FRAMEWORK_HEADER = YES;
				CLANG_WARN_RANGE_LOOP_ANALYSIS = YES;
				CLANG_WARN_STRICT_PROTOTYPES = YES;
				CLANG_WARN_SUSPICIOUS_MOVE = YES;
				CLANG_WARN_UNGUARDED_AVAILABILITY = YES_AGGRESSIVE;
				CLANG_WARN_UNREACHABLE_CODE = YES;
				CLANG_WARN__DUPLICATE_METHOD_MATCH = YES;
				COPY_PHASE_STRIP = NO;
				DEBUG_INFORMATION_FORMAT = "dwarf-with-dsym";
				ENABLE_NS_ASSERTIONS = NO;
				ENABLE_STRICT_OBJC_MSGSEND = YES;
				GCC_C_LANGUAGE_STANDARD = gnu11;
				GCC_NO_COMMON_BLOCKS = YES;
				GCC_WARN_64_TO_32_BIT_CONVERSION = YES;
				GCC_WARN_ABOUT_RETURN_TYPE = YES_ERROR;
				GCC_WARN_UNDECLARED_SELECTOR = YES;
				GCC_WARN_UNINITIALIZED_AUTOS = YES_AGGRESSIVE;
				GCC_WARN_UNUSED_FUNCTION = YES;
				GCC_WARN_UNUSED_VARIABLE = YES;
				IPHONEOS_DEPLOYMENT_TARGET = 16.2;
				MTL_ENABLE_DEBUG_INFO = NO;
				MTL_FAST_MATH = YES;
				SDKROOT = iphoneos;
				SWIFT_COMPILATION_MODE = wholemodule;
				SWIFT_OPTIMIZATION_LEVEL = "-O";
				VALIDATE_PRODUCT = YES;
			};
			name = Release;
		};
		1804455029D5907B00330398 /* Debug */ = {
			isa = XCBuildConfiguration;
			buildSettings = {
				ASSETCATALOG_COMPILER_APPICON_NAME = AppIcon;
				ASSETCATALOG_COMPILER_GLOBAL_ACCENT_COLOR_NAME = AccentColor;
				CODE_SIGN_STYLE = Automatic;
				CURRENT_PROJECT_VERSION = 1;
				DEVELOPMENT_TEAM = 772A23CWJC;
				GENERATE_INFOPLIST_FILE = YES;
				INFOPLIST_FILE = ipadWebBrowser/Info.plist;
				INFOPLIST_KEY_UIApplicationSupportsIndirectInputEvents = YES;
				INFOPLIST_KEY_UILaunchStoryboardName = LaunchScreen;
				INFOPLIST_KEY_UISupportedInterfaceOrientations_iPad = "UIInterfaceOrientationPortrait UIInterfaceOrientationPortraitUpsideDown UIInterfaceOrientationLandscapeLeft UIInterfaceOrientationLandscapeRight";
				INFOPLIST_KEY_UISupportedInterfaceOrientations_iPhone = "UIInterfaceOrientationPortrait UIInterfaceOrientationLandscapeLeft UIInterfaceOrientationLandscapeRight";
				LD_RUNPATH_SEARCH_PATHS = (
					"$(inherited)",
					"@executable_path/Frameworks",
				);
				MARKETING_VERSION = 1.0;
				PRODUCT_BUNDLE_IDENTIFIER = kazakhlegacy.ipadWebBrowser;
				PRODUCT_NAME = "$(TARGET_NAME)";
				SWIFT_EMIT_LOC_STRINGS = YES;
				SWIFT_VERSION = 5.0;
				TARGETED_DEVICE_FAMILY = "1,2";
			};
			name = Debug;
		};
		1804455129D5907B00330398 /* Release */ = {
			isa = XCBuildConfiguration;
			buildSettings = {
				ASSETCATALOG_COMPILER_APPICON_NAME = AppIcon;
				ASSETCATALOG_COMPILER_GLOBAL_ACCENT_COLOR_NAME = AccentColor;
				CODE_SIGN_STYLE = Automatic;
				CURRENT_PROJECT_VERSION = 1;
				DEVELOPMENT_TEAM = 772A23CWJC;
				GENERATE_INFOPLIST_FILE = YES;
				INFOPLIST_FILE = ipadWebBrowser/Info.plist;
				INFOPLIST_KEY_UIApplicationSupportsIndirectInputEvents = YES;
				INFOPLIST_KEY_UILaunchStoryboardName = LaunchScreen;
				INFOPLIST_KEY_UISupportedInterfaceOrientations_iPad = "UIInterfaceOrientationPortrait UIInterfaceOrientationPortraitUpsideDown UIInterfaceOrientationLandscapeLeft UIInterfaceOrientationLandscapeRight";
				INFOPLIST_KEY_UISupportedInterfaceOrientations_iPhone = "UIInterfaceOrientationPortrait UIInterfaceOrientationLandscapeLeft UIInterfaceOrientationLandscapeRight";
				LD_RUNPATH_SEARCH_PATHS = (
					"$(inherited)",
					"@executable_path/Frameworks",
				);
				MARKETING_VERSION = 1.0;
				PRODUCT_BUNDLE_IDENTIFIER = kazakhlegacy.ipadWebBrowser;
				PRODUCT_NAME = "$(TARGET_NAME)";
				SWIFT_EMIT_LOC_STRINGS = YES;
				SWIFT_VERSION = 5.0;
				TARGETED_DEVICE_FAMILY = "1,2";
			};
			name = Release;
		};
/* End XCBuildConfiguration section */

/* Begin XCConfigurationList section */
		1804453329D5907A00330398 /* Build configuration list for PBXProject "ipadWebBrowser" */ = {
			isa = XCConfigurationList;
			buildConfigurations = (
				1804454D29D5907B00330398 /* Debug */,
				1804454E29D5907B00330398 /* Release */,
			);
			defaultConfigurationIsVisible = 0;
			defaultConfigurationName = Release;
		};
		1804454F29D5907B00330398 /* Build configuration list for PBXNativeTarget "ipadWebBrowser" */ = {
			isa = XCConfigurationList;
			buildConfigurations = (
				1804455029D5907B00330398 /* Debug */,
				1804455129D5907B00330398 /* Release */,
			);
			defaultConfigurationIsVisible = 0;
			defaultConfigurationName = Release;
		};
/* End XCConfigurationList section */

/* Begin XCRemoteSwiftPackageReference section */
		1804455629D5911300330398 /* XCRemoteSwiftPackageReference "SnapKit" */ = {
			isa = XCRemoteSwiftPackageReference;
			repositoryURL = "https://github.com/SnapKit/SnapKit";
			requirement = {
				branch = develop;
				kind = branch;
			};
		};
/* End XCRemoteSwiftPackageReference section */

/* Begin XCSwiftPackageProductDependency section */
		1804455729D5911300330398 /* SnapKit */ = {
			isa = XCSwiftPackageProductDependency;
			package = 1804455629D5911300330398 /* XCRemoteSwiftPackageReference "SnapKit" */;
			productName = SnapKit;
		};
/* End XCSwiftPackageProductDependency section */

/* Begin XCVersionGroup section */
		1804454429D5907A00330398 /* WebBrowser.xcdatamodeld */ = {
			isa = XCVersionGroup;
			children = (
				1804454529D5907A00330398 /* ipadWebBrowser.xcdatamodel */,
			);
			currentVersion = 1804454529D5907A00330398 /* ipadWebBrowser.xcdatamodel */;
			path = WebBrowser.xcdatamodeld;
			sourceTree = "<group>";
			versionGroupType = wrapper.xcdatamodel;
		};
/* End XCVersionGroup section */
	};
	rootObject = 1804453029D5907A00330398 /* Project object */;
}
